
Microsoft Visual Studio Solution File, Format Version 12.00
# Visual Studio 2013
VisualStudioVersion = 12.0.30723.0
MinimumVisualStudioVersion = 10.0.40219.1
Project("{FAE04EC0-301F-11D3-BF4B-00C04F79EFBC}") = "AllgarveBeach", "AllgarveBeachProj\AllgarveBeach.csproj", "{04B6B513-66EF-4CA3-8353-F9746E75DDF5}"
EndProject
Project("{FAE04EC0-301F-11D3-BF4B-00C04F79EFBC}") = "AlgarveBeach", "AlgarveBeachProj\AlgarveBeach.csproj", "{E02F15C3-78C4-4350-94FB-9DADBB376265}"
EndProject
Project("{FAE04EC0-301F-11D3-BF4B-00C04F79EFBC}") = "DbBeach", "DbBeach\DbBeach.csproj", "{3C723E68-E13B-44EC-A4B5-32B49E33DE50}"
EndProject
Project("{FAE04EC0-301F-11D3-BF4B-00C04F79EFBC}") = "MyApp", "MyApp\MyApp.csproj", "{D31C8C3E-8013-4950-8400-5CC69411A0F2}"
EndProject
<<<<<<< HEAD
Project("{FAE04EC0-301F-11D3-BF4B-00C04F79EFBC}") = "TesteWeb", "TesteWeb\TesteWeb.csproj", "{C4106E9A-E336-4CB1-8EB3-6C0A912563E1}"
=======
Project("{FAE04EC0-301F-11D3-BF4B-00C04F79EFBC}") = "TesteWeb", "TesteWeb\TesteWeb.csproj", "{AFBF417C-068F-43A0-9A1B-19C033CB2F4D}"
>>>>>>> origin/devTiago
EndProject
Global
	GlobalSection(SolutionConfigurationPlatforms) = preSolution
		Debug|Any CPU = Debug|Any CPU
		Release|Any CPU = Release|Any CPU
	EndGlobalSection
	GlobalSection(ProjectConfigurationPlatforms) = postSolution
		{04B6B513-66EF-4CA3-8353-F9746E75DDF5}.Debug|Any CPU.ActiveCfg = Debug|Any CPU
		{04B6B513-66EF-4CA3-8353-F9746E75DDF5}.Debug|Any CPU.Build.0 = Debug|Any CPU
		{04B6B513-66EF-4CA3-8353-F9746E75DDF5}.Release|Any CPU.ActiveCfg = Release|Any CPU
		{04B6B513-66EF-4CA3-8353-F9746E75DDF5}.Release|Any CPU.Build.0 = Release|Any CPU
		{E02F15C3-78C4-4350-94FB-9DADBB376265}.Debug|Any CPU.ActiveCfg = Debug|Any CPU
		{E02F15C3-78C4-4350-94FB-9DADBB376265}.Debug|Any CPU.Build.0 = Debug|Any CPU
		{E02F15C3-78C4-4350-94FB-9DADBB376265}.Release|Any CPU.ActiveCfg = Release|Any CPU
		{E02F15C3-78C4-4350-94FB-9DADBB376265}.Release|Any CPU.Build.0 = Release|Any CPU
		{3C723E68-E13B-44EC-A4B5-32B49E33DE50}.Debug|Any CPU.ActiveCfg = Debug|Any CPU
		{3C723E68-E13B-44EC-A4B5-32B49E33DE50}.Debug|Any CPU.Build.0 = Debug|Any CPU
		{3C723E68-E13B-44EC-A4B5-32B49E33DE50}.Release|Any CPU.ActiveCfg = Release|Any CPU
		{3C723E68-E13B-44EC-A4B5-32B49E33DE50}.Release|Any CPU.Build.0 = Release|Any CPU
		{D31C8C3E-8013-4950-8400-5CC69411A0F2}.Debug|Any CPU.ActiveCfg = Debug|Any CPU
		{D31C8C3E-8013-4950-8400-5CC69411A0F2}.Debug|Any CPU.Build.0 = Debug|Any CPU
		{D31C8C3E-8013-4950-8400-5CC69411A0F2}.Release|Any CPU.ActiveCfg = Release|Any CPU
		{D31C8C3E-8013-4950-8400-5CC69411A0F2}.Release|Any CPU.Build.0 = Release|Any CPU
<<<<<<< HEAD
		{C4106E9A-E336-4CB1-8EB3-6C0A912563E1}.Debug|Any CPU.ActiveCfg = Debug|Any CPU
		{C4106E9A-E336-4CB1-8EB3-6C0A912563E1}.Debug|Any CPU.Build.0 = Debug|Any CPU
		{C4106E9A-E336-4CB1-8EB3-6C0A912563E1}.Release|Any CPU.ActiveCfg = Release|Any CPU
		{C4106E9A-E336-4CB1-8EB3-6C0A912563E1}.Release|Any CPU.Build.0 = Release|Any CPU
=======
		{AFBF417C-068F-43A0-9A1B-19C033CB2F4D}.Debug|Any CPU.ActiveCfg = Debug|Any CPU
		{AFBF417C-068F-43A0-9A1B-19C033CB2F4D}.Debug|Any CPU.Build.0 = Debug|Any CPU
		{AFBF417C-068F-43A0-9A1B-19C033CB2F4D}.Release|Any CPU.ActiveCfg = Release|Any CPU
		{AFBF417C-068F-43A0-9A1B-19C033CB2F4D}.Release|Any CPU.Build.0 = Release|Any CPU
>>>>>>> origin/devTiago
	EndGlobalSection
	GlobalSection(SolutionProperties) = preSolution
		HideSolutionNode = FALSE
	EndGlobalSection
EndGlobal
